
Microsoft Visual Studio Solution File, Format Version 12.00
# Visual Studio Version 16
VisualStudioVersion = 16.0.29306.81
MinimumVisualStudioVersion = 10.0.40219.1
Project("{FAE04EC0-301F-11D3-BF4B-00C04F79EFBC}") = "VMISP", "VMISP\VMISP.csproj", "{A84484BA-C1CD-4F6D-B659-0B36940DFFC6}"
EndProject
Global
	GlobalSection(SolutionConfigurationPlatforms) = preSolution
		Debug|Any CPU = Debug|Any CPU
		Release|Any CPU = Release|Any CPU
	EndGlobalSection
	GlobalSection(ProjectConfigurationPlatforms) = postSolution
		{A84484BA-C1CD-4F6D-B659-0B36940DFFC6}.Debug|Any CPU.ActiveCfg = Debug|Any CPU
		{A84484BA-C1CD-4F6D-B659-0B36940DFFC6}.Debug|Any CPU.Build.0 = Debug|Any CPU
		{A84484BA-C1CD-4F6D-B659-0B36940DFFC6}.Release|Any CPU.ActiveCfg = Release|Any CPU
		{A84484BA-C1CD-4F6D-B659-0B36940DFFC6}.Release|Any CPU.Build.0 = Release|Any CPU
	EndGlobalSection
	GlobalSection(SolutionProperties) = preSolution
		HideSolutionNode = FALSE
	EndGlobalSection
	GlobalSection(ExtensibilityGlobals) = postSolution
		SolutionGuid = {A28CEAC6-6EC5-4D2E-9824-99E9BB7E0D12}
	EndGlobalSection
	GlobalSection(TeamFoundationVersionControl) = preSolution
		SccNumberOfProjects = 1
		SccEnterpriseProvider = {4CA58AB2-18FA-4F8D-95D4-32DDF27D184C}
		SccTeamFoundationServer = https://dcswtfs01001/softwaredept
		SccProjectUniqueName0 = VMISP\\VMISP.csproj
		SccProjectName0 = VMISP
		SccAuxPath0 = https://dcswtfs01001/softwaredept
		SccLocalPath0 = VMISP
		SccProvider0 = {4CA58AB2-18FA-4F8D-95D4-32DDF27D184C}
	EndGlobalSection
EndGlobal
